
Microsoft Visual Studio Solution File, Format Version 12.00
# Visual Studio Version 17
VisualStudioVersion = 17.3.32819.101
MinimumVisualStudioVersion = 10.0.40219.1
Project("{FAE04EC0-301F-11D3-BF4B-00C04F79EFBC}") = "Project5Zork", "Project5Zork\Project5Zork.csproj", "{D2C6CC1E-A42A-40E0-8B0E-672FD88BF240}"
EndProject
Global
	GlobalSection(SolutionConfigurationPlatforms) = preSolution
		Debug|Any CPU = Debug|Any CPU
		Release|Any CPU = Release|Any CPU
	EndGlobalSection
	GlobalSection(ProjectConfigurationPlatforms) = postSolution
		{D2C6CC1E-A42A-40E0-8B0E-672FD88BF240}.Debug|Any CPU.ActiveCfg = Debug|Any CPU
		{D2C6CC1E-A42A-40E0-8B0E-672FD88BF240}.Debug|Any CPU.Build.0 = Debug|Any CPU
		{D2C6CC1E-A42A-40E0-8B0E-672FD88BF240}.Release|Any CPU.ActiveCfg = Release|Any CPU
		{D2C6CC1E-A42A-40E0-8B0E-672FD88BF240}.Release|Any CPU.Build.0 = Release|Any CPU
	EndGlobalSection
	GlobalSection(SolutionProperties) = preSolution
		HideSolutionNode = FALSE
	EndGlobalSection
	GlobalSection(ExtensibilityGlobals) = postSolution
		SolutionGuid = {EECBEFAF-C84E-4A5E-A922-ADA1389B8214}
	EndGlobalSection
EndGlobal
